
Microsoft Visual Studio Solution File, Format Version 12.00
# Visual Studio Version 17
VisualStudioVersion = 17.6.33723.286
MinimumVisualStudioVersion = 10.0.40219.1
Project("{FAE04EC0-301F-11D3-BF4B-00C04F79EFBC}") = "SeleniumBasic1", "SeleniumBasic1\SeleniumBasic1.csproj", "{6FCEE014-5FDB-493E-BBC6-62F68DD37595}"
EndProject
Global
	GlobalSection(SolutionConfigurationPlatforms) = preSolution
		Debug|Any CPU = Debug|Any CPU
		Release|Any CPU = Release|Any CPU
	EndGlobalSection
	GlobalSection(ProjectConfigurationPlatforms) = postSolution
		{6FCEE014-5FDB-493E-BBC6-62F68DD37595}.Debug|Any CPU.ActiveCfg = Debug|Any CPU
		{6FCEE014-5FDB-493E-BBC6-62F68DD37595}.Debug|Any CPU.Build.0 = Debug|Any CPU
		{6FCEE014-5FDB-493E-BBC6-62F68DD37595}.Release|Any CPU.ActiveCfg = Release|Any CPU
		{6FCEE014-5FDB-493E-BBC6-62F68DD37595}.Release|Any CPU.Build.0 = Release|Any CPU
	EndGlobalSection
	GlobalSection(SolutionProperties) = preSolution
		HideSolutionNode = FALSE
	EndGlobalSection
	GlobalSection(ExtensibilityGlobals) = postSolution
		SolutionGuid = {52F6C56F-F6E4-4D80-A695-B097A8F69E6C}
	EndGlobalSection
EndGlobal
